// !$*UTF8*$!
{
	archiveVersion = 1;
	classes = {
	};
	objectVersion = 70;
	objects = {

/* Begin PBXBuildFile section */
		2060E2C32E181C020007493B /* OfflineManager.swift in Sources */ = {isa = PBXBuildFile; fileRef = 2060E2C22E181C020007493B /* OfflineManager.swift */; };
		2060E2C42E181C020007493B /* NetworkMonitor.swift in Sources */ = {isa = PBXBuildFile; fileRef = 2060E2C12E181C020007493B /* NetworkMonitor.swift */; };
		20A4EEDC2E15D3D000AC8C57 /* WorkoutHeroModel.xcdatamodeld in Sources */ = {isa = PBXBuildFile; fileRef = 20A4EEDA2E15D3D000AC8C57 /* WorkoutHeroModel.xcdatamodeld */; };
		20A4EEE52E15EC0000AC8C57 /* WorkoutViewModel.swift in Sources */ = {isa = PBXBuildFile; fileRef = 20A4EEE52E15EC0100AC8C57 /* WorkoutViewModel.swift */; };
		20A4EEE62E15EC0000AC8C57 /* PersistenceController.swift in Sources */ = {isa = PBXBuildFile; fileRef = 20A4EEE62E15EC0200AC8C57 /* PersistenceController.swift */; };
		20A4EEE72E15ED0000AC8C57 /* OverlaySuccessView.swift in Sources */ = {isa = PBXBuildFile; fileRef = 20A4EEE72E15ED0100AC8C57 /* OverlaySuccessView.swift */; };
		20A4EEE82E15EE0000AC8C57 /* AuthViewModel.swift in Sources */ = {isa = PBXBuildFile; fileRef = 20A4EEE82E15EE0100AC8C57 /* AuthViewModel.swift */; };
		20A4EEE92E15EE0000AC8C57 /* LoginView.swift in Sources */ = {isa = PBXBuildFile; fileRef = 20A4EEE92E15EE0200AC8C57 /* LoginView.swift */; };
		20A4EEEB2E15EF0000AC8C57 /* AuthTestView.swift in Sources */ = {isa = PBXBuildFile; fileRef = 20A4EEEB2E15EF0100AC8C57 /* AuthTestView.swift */; };
		20A4EEEC2E15F00000AC8C57 /* MainAppView.swift in Sources */ = {isa = PBXBuildFile; fileRef = 20A4EEEC2E15F00100AC8C57 /* MainAppView.swift */; };
		20D8510D2E16FC1F001B2F98 /* Assets.xcassets in Resources */ = {isa = PBXBuildFile; fileRef = 20D8510C2E16FC1F001B2F98 /* Assets.xcassets */; };
		326PY91UFRHMKPLA09WJOOTF /* AchievementManager.swift in Sources */ = {isa = PBXBuildFile; fileRef = DD15LNHJLZ6KQBRED9WEBDA3 /* AchievementManager.swift */; };
		49705EEFE14E41BBB3DE3393 /* WeeklyGoalView.swift in Sources */ = {isa = PBXBuildFile; fileRef = 9D95DEBE509A4710AD4AE6E4 /* WeeklyGoalView.swift */; };
		6BIZ0HG72SXJFQ84ZJLMA77Z /* Achievement.swift in Sources */ = {isa = PBXBuildFile; fileRef = 1AVF8OT0EYSKU8GXBSR5KBGR /* Achievement.swift */; };
		A1B2C3D4E5F60001 /* App.swift in Sources */ = {isa = PBXBuildFile; fileRef = A1B2C3D4E5F60002 /* App.swift */; };
		A1B2C3D4E5F60003 /* ContentView.swift in Sources */ = {isa = PBXBuildFile; fileRef = A1B2C3D4E5F60004 /* ContentView.swift */; };
		A1B2C3D4E5F6000D /* InicioView.swift in Sources */ = {isa = PBXBuildFile; fileRef = A1B2C3D4E5F6000E /* InicioView.swift */; };
		A1B2C3D4E5F6000F /* RegistroView.swift in Sources */ = {isa = PBXBuildFile; fileRef = A1B2C3D4E5F60010 /* RegistroView.swift */; };
		A1B2C3D4E5F60011 /* Entrenamiento.swift in Sources */ = {isa = PBXBuildFile; fileRef = A1B2C3D4E5F60012 /* Entrenamiento.swift */; };
		A1B2C3D4E5F60013 /* EntrenamientoViewModel.swift in Sources */ = {isa = PBXBuildFile; fileRef = A1B2C3D4E5F60014 /* EntrenamientoViewModel.swift */; };
		A1B2C3D4E5F60015 /* AppConstants.swift in Sources */ = {isa = PBXBuildFile; fileRef = A1B2C3D4E5F60016 /* AppConstants.swift */; };
		A1B2C3D4E5F60017 /* HistorialView.swift in Sources */ = {isa = PBXBuildFile; fileRef = A1B2C3D4E5F60018 /* HistorialView.swift */; };
		A1B2C3D4E5F60019 /* PerfilView.swift in Sources */ = {isa = PBXBuildFile; fileRef = A1B2C3D4E5F6001A /* PerfilView.swift */; };
		A9B8C7D5F7A640BBEF123456 /* WeeklyGoalManager.swift in Sources */ = {isa = PBXBuildFile; fileRef = E3F2A9D8C4B5678901234567 /* WeeklyGoalManager.swift */; };
		B4C9F2A8E6D740CCAB789DEF /* AddCustomTrainingView.swift in Sources */ = {isa = PBXBuildFile; fileRef = F7E8A3B5D2C6789012345678 /* AddCustomTrainingView.swift */; };
		B7C8D9E0F1A2B3C4 /* NavigationContext.swift in Sources */ = {isa = PBXBuildFile; fileRef = C8D9E0F1A2B3C4D5 /* NavigationContext.swift */; };
		C5D8A6F9B3E740DDBC890123 /* TimerView.swift in Sources */ = {isa = PBXBuildFile; fileRef = G8F9B4C6E3D7890123456789 /* TimerView.swift */; };
		D6E9C8F7A5B3740EEFABCDEF /* AppleSignInButtonView.swift in Sources */ = {isa = PBXBuildFile; fileRef = H9G8C5F7B4E3890234567890 /* AppleSignInButtonView.swift */; };
		E7F8D9A6B4C3741FFABCDEFG /* AppleSignInManager.swift in Sources */ = {isa = PBXBuildFile; fileRef = I8H9D6F8C5E4901345678901 /* AppleSignInManager.swift */; };
		F1G2H3I4J5K6L7M8 /* LoadingSpinnerView.swift in Sources */ = {isa = PBXBuildFile; fileRef = F1G2H3I4J5K6L7M9 /* LoadingSpinnerView.swift */; };
		F2G3H4I5J6K7L8M9 /* ErrorAlertView.swift in Sources */ = {isa = PBXBuildFile; fileRef = F2G3H4I5J6K7L8N0 /* ErrorAlertView.swift */; };
		F3G4H5I6J7K8L9M0 /* LocalizationHelper.swift in Sources */ = {isa = PBXBuildFile; fileRef = F3G4H5I6J7K8L9N1 /* LocalizationHelper.swift */; };
		F8G9E8H7C6E4742GGHBCDEFH /* UserProfileManager.swift in Sources */ = {isa = PBXBuildFile; fileRef = J9I8E7G8D6F5012456789012 /* UserProfileManager.swift */; };
		G9H8F9I8D7F5743HHICDEFIJ /* SignOutButton.swift in Sources */ = {isa = PBXBuildFile; fileRef = K0J9F8I9E7G6123567890123 /* SignOutButton.swift */; };
		H0I9G8J9F8G6744IIJDEFKL /* WelcomeView.swift in Sources */ = {isa = PBXBuildFile; fileRef = L1K0G9J0F8H7234678901234 /* WelcomeView.swift */; };
		I1J0H9K0G8H7755JJKDEFMN /* GoodbyeView.swift in Sources */ = {isa = PBXBuildFile; fileRef = M2L1H0K1G8I8345789012345 /* GoodbyeView.swift */; };
		J2K1I0L1H8I9866KKDEFOP /* SecureStorage.swift in Sources */ = {isa = PBXBuildFile; fileRef = N3M2I1L2H9J9456890123456 /* SecureStorage.swift */; };
		K3L2J1M2I9J0977LLDEFQR /* SecureAuthService.swift in Sources */ = {isa = PBXBuildFile; fileRef = O4N3J2M3I0K0567901234567 /* SecureAuthService.swift */; };
		L4M3K2N3J0K1A88MMDEFST /* DataEncryptionHelper.swift in Sources */ = {isa = PBXBuildFile; fileRef = P5O4K3N4J1L1678912345678 /* DataEncryptionHelper.swift */; };
		M5N4L3O4K1M2B99NNDEFUV /* InputValidator.swift in Sources */ = {isa = PBXBuildFile; fileRef = Q6P5L4O5K2M2789023456789 /* InputValidator.swift */; };
		N6O5M4P5L3N3C99OODEFWX /* Logger.swift in Sources */ = {isa = PBXBuildFile; fileRef = R7Q6M5P6L4N4890134567890 /* Logger.swift */; };
		O7P6N5Q6M4O5D00PPDEFYZ /* LoginRateLimiter.swift in Sources */ = {isa = PBXBuildFile; fileRef = S8R7N6Q7M5P5901245678901 /* LoginRateLimiter.swift */; };
		P8Q7O6R7N5Q6E11QQDEFZA /* PinnedSessionDelegate.swift in Sources */ = {isa = PBXBuildFile; fileRef = T9S8O7R8N6Q6012356789012 /* PinnedSessionDelegate.swift */; };
		Q9R8P7S8O6R7F22RRDEFAB /* NetworkLayer.swift in Sources */ = {isa = PBXBuildFile; fileRef = U0T9P8S9O7R7123467890123 /* NetworkLayer.swift */; };
		R1S2T3U4V5W6X7Y8 /* ReusableBackgroundView.swift in Sources */ = {isa = PBXBuildFile; fileRef = Z1A2B3C4D5E6F7G8 /* ReusableBackgroundView.swift */; };
		X1Y2Z3A4B5C6D7E8 /* OnboardingView.swift in Sources */ = {isa = PBXBuildFile; fileRef = Y1Z2A3B4C5D6E7F8 /* OnboardingView.swift */; };
		X2Y3Z4A5B6C7D8E9 /* OnboardingSlide.swift in Sources */ = {isa = PBXBuildFile; fileRef = Y2Z3A4B5C6D7E8F9 /* OnboardingSlide.swift */; };
		L3G4L5V6W7X8Y9Z0 /* LegalView.swift in Sources */ = {isa = PBXBuildFile; fileRef = L3G4L5V6W7X8Y9Z1 /* LegalView.swift */; };
		P1R2I3V4A5C6Y7H8 /* PrivacyPolicy.html in Resources */ = {isa = PBXBuildFile; fileRef = P1R2I3V4A5C6Y7H9 /* PrivacyPolicy.html */; };
		T1E2R3M4S5O6F7S8 /* TermsOfService.html in Resources */ = {isa = PBXBuildFile; fileRef = T1E2R3M4S5O6F7S9 /* TermsOfService.html */; };
/* End PBXBuildFile section */

/* Begin PBXContainerItemProxy section */
		20DFE4712E2BF1CC002184EA /* PBXContainerItemProxy */ = {
			isa = PBXContainerItemProxy;
			containerPortal = A1B2C3D4E5F5FFF8 /* Project object */;
			proxyType = 1;
			remoteGlobalIDString = A1B2C3D4E5F5FFFF;
			remoteInfo = "fit-app";
		};
/* End PBXContainerItemProxy section */

/* Begin PBXFileReference section */
		1AVF8OT0EYSKU8GXBSR5KBGR /* Achievement.swift */ = {isa = PBXFileReference; lastKnownFileType = sourcecode.swift; path = Achievement.swift; sourceTree = "<group>"; };
		2060E2C12E181C020007493B /* NetworkMonitor.swift */ = {isa = PBXFileReference; lastKnownFileType = sourcecode.swift; path = NetworkMonitor.swift; sourceTree = "<group>"; };
		2060E2C22E181C020007493B /* OfflineManager.swift */ = {isa = PBXFileReference; lastKnownFileType = sourcecode.swift; path = OfflineManager.swift; sourceTree = "<group>"; };
		20A4EEDB2E15D3D000AC8C57 /* WorkoutHeroModel.xcdatamodel */ = {isa = PBXFileReference; lastKnownFileType = wrapper.xcdatamodel; path = WorkoutHeroModel.xcdatamodel; sourceTree = "<group>"; };
		20A4EEE52E15EC0100AC8C57 /* WorkoutViewModel.swift */ = {isa = PBXFileReference; lastKnownFileType = sourcecode.swift; path = WorkoutViewModel.swift; sourceTree = "<group>"; };
		20A4EEE62E15EC0200AC8C57 /* PersistenceController.swift */ = {isa = PBXFileReference; lastKnownFileType = sourcecode.swift; path = PersistenceController.swift; sourceTree = "<group>"; };
		20A4EEE72E15ED0100AC8C57 /* OverlaySuccessView.swift */ = {isa = PBXFileReference; lastKnownFileType = sourcecode.swift; path = OverlaySuccessView.swift; sourceTree = "<group>"; };
		20A4EEE82E15EE0100AC8C57 /* AuthViewModel.swift */ = {isa = PBXFileReference; lastKnownFileType = sourcecode.swift; path = AuthViewModel.swift; sourceTree = "<group>"; };
		20A4EEE92E15EE0200AC8C57 /* LoginView.swift */ = {isa = PBXFileReference; lastKnownFileType = sourcecode.swift; path = LoginView.swift; sourceTree = "<group>"; };
		20A4EEEB2E15EF0100AC8C57 /* AuthTestView.swift */ = {isa = PBXFileReference; lastKnownFileType = sourcecode.swift; path = AuthTestView.swift; sourceTree = "<group>"; };
		20A4EEEC2E15F00100AC8C57 /* MainAppView.swift */ = {isa = PBXFileReference; lastKnownFileType = sourcecode.swift; path = MainAppView.swift; sourceTree = "<group>"; };
		20D8510C2E16FC1F001B2F98 /* Assets.xcassets */ = {isa = PBXFileReference; lastKnownFileType = folder.assetcatalog; path = Assets.xcassets; sourceTree = "<group>"; };
		20DFE46B2E2BF1CB002184EA /* fit-appUITests.xctest */ = {isa = PBXFileReference; explicitFileType = wrapper.cfbundle; includeInIndex = 0; path = "fit-appUITests.xctest"; sourceTree = BUILT_PRODUCTS_DIR; };
		20E86F702E16388E00AA2B13 /* fit-app.entitlements */ = {isa = PBXFileReference; lastKnownFileType = text.plist.entitlements; path = "fit-app.entitlements"; sourceTree = "<group>"; };
		9D95DEBE509A4710AD4AE6E4 /* WeeklyGoalView.swift */ = {isa = PBXFileReference; lastKnownFileType = sourcecode.swift; path = WeeklyGoalView.swift; sourceTree = "<group>"; };
		A1B2C3D4E5F60000 /* fit-app.app */ = {isa = PBXFileReference; explicitFileType = wrapper.application; includeInIndex = 0; path = "fit-app.app"; sourceTree = BUILT_PRODUCTS_DIR; };
		A1B2C3D4E5F60002 /* App.swift */ = {isa = PBXFileReference; lastKnownFileType = sourcecode.swift; path = App.swift; sourceTree = "<group>"; };
		A1B2C3D4E5F60004 /* ContentView.swift */ = {isa = PBXFileReference; lastKnownFileType = sourcecode.swift; path = ContentView.swift; sourceTree = "<group>"; };
		A1B2C3D4E5F60005 /* Info.plist */ = {isa = PBXFileReference; lastKnownFileType = text.plist.xml; path = Info.plist; sourceTree = "<group>"; };
		A1B2C3D4E5F6000E /* InicioView.swift */ = {isa = PBXFileReference; lastKnownFileType = sourcecode.swift; path = InicioView.swift; sourceTree = "<group>"; };
		A1B2C3D4E5F60010 /* RegistroView.swift */ = {isa = PBXFileReference; lastKnownFileType = sourcecode.swift; path = RegistroView.swift; sourceTree = "<group>"; };
		A1B2C3D4E5F60012 /* Entrenamiento.swift */ = {isa = PBXFileReference; lastKnownFileType = sourcecode.swift; path = Entrenamiento.swift; sourceTree = "<group>"; };
		A1B2C3D4E5F60014 /* EntrenamientoViewModel.swift */ = {isa = PBXFileReference; lastKnownFileType = sourcecode.swift; path = EntrenamientoViewModel.swift; sourceTree = "<group>"; };
		A1B2C3D4E5F60016 /* AppConstants.swift */ = {isa = PBXFileReference; lastKnownFileType = sourcecode.swift; path = AppConstants.swift; sourceTree = "<group>"; };
		A1B2C3D4E5F60018 /* HistorialView.swift */ = {isa = PBXFileReference; lastKnownFileType = sourcecode.swift; path = HistorialView.swift; sourceTree = "<group>"; };
		A1B2C3D4E5F6001A /* PerfilView.swift */ = {isa = PBXFileReference; lastKnownFileType = sourcecode.swift; path = PerfilView.swift; sourceTree = "<group>"; };
		C0D1E2F3A4B5C6D7 /* HistorialBackButtonTests.swift */ = {isa = PBXFileReference; lastKnownFileType = sourcecode.swift; path = HistorialBackButtonTests.swift; sourceTree = "<group>"; };
		C8D9E0F1A2B3C4D5 /* NavigationContext.swift */ = {isa = PBXFileReference; lastKnownFileType = sourcecode.swift; path = NavigationContext.swift; sourceTree = "<group>"; };
		C9D0E1F2A3B4C5D6 /* WelcomeViewTests.swift */ = {isa = PBXFileReference; lastKnownFileType = sourcecode.swift; path = WelcomeViewTests.swift; sourceTree = "<group>"; };
		DD15LNHJLZ6KQBRED9WEBDA3 /* AchievementManager.swift */ = {isa = PBXFileReference; lastKnownFileType = sourcecode.swift; path = AchievementManager.swift; sourceTree = "<group>"; };
		E3F2A9D8C4B5678901234567 /* WeeklyGoalManager.swift */ = {isa = PBXFileReference; lastKnownFileType = sourcecode.swift; path = WeeklyGoalManager.swift; sourceTree = "<group>"; };
		F1G2H3I4J5K6L7M9 /* LoadingSpinnerView.swift */ = {isa = PBXFileReference; lastKnownFileType = sourcecode.swift; path = LoadingSpinnerView.swift; sourceTree = "<group>"; };
		F2G3H4I5J6K7L8N0 /* ErrorAlertView.swift */ = {isa = PBXFileReference; lastKnownFileType = sourcecode.swift; path = ErrorAlertView.swift; sourceTree = "<group>"; };
		F3G4H5I6J7K8L9N1 /* LocalizationHelper.swift */ = {isa = PBXFileReference; lastKnownFileType = sourcecode.swift; path = LocalizationHelper.swift; sourceTree = "<group>"; };
		F4G5H6I7J8K9L0N2 /* LocalizationKeyTests.swift */ = {isa = PBXFileReference; lastKnownFileType = sourcecode.swift; path = LocalizationKeyTests.swift; sourceTree = "<group>"; };
		F5G6H7I8J9K0L1N3 /* SpinnerVisibilityTests.swift */ = {isa = PBXFileReference; lastKnownFileType = sourcecode.swift; path = SpinnerVisibilityTests.swift; sourceTree = "<group>"; };
		F6G7H8I9J0K1L2M3 /* en */ = {isa = PBXFileReference; lastKnownFileType = text.plist.strings; name = en; path = en.lproj/Localizable.strings; sourceTree = "<group>"; };
		F7E8A3B5D2C6789012345678 /* AddCustomTrainingView.swift */ = {isa = PBXFileReference; lastKnownFileType = sourcecode.swift; path = AddCustomTrainingView.swift; sourceTree = "<group>"; };
		F7G8H9I0J1K2L3M4 /* es */ = {isa = PBXFileReference; lastKnownFileType = text.plist.strings; name = es; path = es.lproj/Localizable.strings; sourceTree = "<group>"; };
		G8F9B4C6E3D7890123456789 /* TimerView.swift */ = {isa = PBXFileReference; lastKnownFileType = sourcecode.swift; path = TimerView.swift; sourceTree = "<group>"; };
		H9G8C5F7B4E3890234567890 /* AppleSignInButtonView.swift */ = {isa = PBXFileReference; lastKnownFileType = sourcecode.swift; path = AppleSignInButtonView.swift; sourceTree = "<group>"; };
		I8H9D6F8C5E4901345678901 /* AppleSignInManager.swift */ = {isa = PBXFileReference; lastKnownFileType = sourcecode.swift; path = AppleSignInManager.swift; sourceTree = "<group>"; };
		J9I8E7G8D6F5012456789012 /* UserProfileManager.swift */ = {isa = PBXFileReference; lastKnownFileType = sourcecode.swift; path = UserProfileManager.swift; sourceTree = "<group>"; };
		K0J9F8I9E7G6123567890123 /* SignOutButton.swift */ = {isa = PBXFileReference; lastKnownFileType = sourcecode.swift; path = SignOutButton.swift; sourceTree = "<group>"; };
		L1K0G9J0F8H7234678901234 /* WelcomeView.swift */ = {isa = PBXFileReference; lastKnownFileType = sourcecode.swift; path = WelcomeView.swift; sourceTree = "<group>"; };
		M2L1H0K1G8I8345789012345 /* GoodbyeView.swift */ = {isa = PBXFileReference; lastKnownFileType = sourcecode.swift; path = GoodbyeView.swift; sourceTree = "<group>"; };
		N3M2I1L2H9J9456890123456 /* SecureStorage.swift */ = {isa = PBXFileReference; lastKnownFileType = sourcecode.swift; path = SecureStorage.swift; sourceTree = "<group>"; };
		O4N3J2M3I0K0567901234567 /* SecureAuthService.swift */ = {isa = PBXFileReference; lastKnownFileType = sourcecode.swift; path = SecureAuthService.swift; sourceTree = "<group>"; };
		P5O4K3N4J1L1678912345678 /* DataEncryptionHelper.swift */ = {isa = PBXFileReference; lastKnownFileType = sourcecode.swift; path = DataEncryptionHelper.swift; sourceTree = "<group>"; };
		Q6P5L4O5K2M2789023456789 /* InputValidator.swift */ = {isa = PBXFileReference; lastKnownFileType = sourcecode.swift; path = InputValidator.swift; sourceTree = "<group>"; };
		R7Q6M5P6L4N4890134567890 /* Logger.swift */ = {isa = PBXFileReference; lastKnownFileType = sourcecode.swift; path = Logger.swift; sourceTree = "<group>"; };
		S8R7N6Q7M5P5901245678901 /* LoginRateLimiter.swift */ = {isa = PBXFileReference; lastKnownFileType = sourcecode.swift; path = LoginRateLimiter.swift; sourceTree = "<group>"; };
		T9S8O7R8N6Q6012356789012 /* PinnedSessionDelegate.swift */ = {isa = PBXFileReference; lastKnownFileType = sourcecode.swift; path = PinnedSessionDelegate.swift; sourceTree = "<group>"; };
		U0T9P8S9O7R7123467890123 /* NetworkLayer.swift */ = {isa = PBXFileReference; lastKnownFileType = sourcecode.swift; path = NetworkLayer.swift; sourceTree = "<group>"; };
		V1U0Q9T0P8S8234578901234 /* TLSPinningTests.swift */ = {isa = PBXFileReference; lastKnownFileType = sourcecode.swift; path = TLSPinningTests.swift; sourceTree = "<group>"; };
		WKS60SN2AHGUNLJONHMC2EPC /* AchievementTests.swift */ = {isa = PBXFileReference; lastKnownFileType = sourcecode.swift; path = AchievementTests.swift; sourceTree = "<group>"; };
		Y1Z2A3B4C5D6E7F8 /* OnboardingView.swift */ = {isa = PBXFileReference; lastKnownFileType = sourcecode.swift; path = OnboardingView.swift; sourceTree = "<group>"; };
		Y2Z3A4B5C6D7E8F9 /* OnboardingSlide.swift */ = {isa = PBXFileReference; lastKnownFileType = sourcecode.swift; path = OnboardingSlide.swift; sourceTree = "<group>"; };
		Z1A2B3C4D5E6F7G8 /* ReusableBackgroundView.swift */ = {isa = PBXFileReference; lastKnownFileType = sourcecode.swift; path = ReusableBackgroundView.swift; sourceTree = "<group>"; };
		L3G4L5V6W7X8Y9Z1 /* LegalView.swift */ = {isa = PBXFileReference; lastKnownFileType = sourcecode.swift; path = fit-app/LegalView.swift; sourceTree = "<group>"; };
		P1R2I3V4A5C6Y7H9 /* PrivacyPolicy.html */ = {isa = PBXFileReference; lastKnownFileType = text.html; path = fit-app/Legal/PrivacyPolicy.html; sourceTree = "<group>"; };
		T1E2R3M4S5O6F7S9 /* TermsOfService.html */ = {isa = PBXFileReference; lastKnownFileType = text.html; path = fit-app/Legal/TermsOfService.html; sourceTree = "<group>"; };
/* End PBXFileReference section */

/* Begin PBXFileSystemSynchronizedRootGroup section */
		20DFE46C2E2BF1CC002184EA /* fit-appUITests */ = {isa = PBXFileSystemSynchronizedRootGroup; explicitFileTypes = {}; explicitFolders = (); path = "fit-appUITests"; sourceTree = "<group>"; };
/* End PBXFileSystemSynchronizedRootGroup section */

/* Begin PBXFrameworksBuildPhase section */
		20DFE4682E2BF1CB002184EA /* Frameworks */ = {
			isa = PBXFrameworksBuildPhase;
			buildActionMask = 2147483647;
			files = (
			);
			runOnlyForDeploymentPostprocessing = 0;
		};
		A1B2C3D4E5F5FFFD /* Frameworks */ = {
			isa = PBXFrameworksBuildPhase;
			buildActionMask = 2147483647;
			files = (
			);
			runOnlyForDeploymentPostprocessing = 0;
		};
/* End PBXFrameworksBuildPhase section */

/* Begin PBXGroup section */
		A1B2C3D4E5F5FFF7 = {
			isa = PBXGroup;
			children = (
				A1B2C3D4E5F60008 /* fit-app */,
				20DFE46C2E2BF1CC002184EA /* fit-appUITests */,
				A1B2C3D4E5F60006 /* Products */,
			);
			sourceTree = "<group>";
		};
		A1B2C3D4E5F60006 /* Products */ = {
			isa = PBXGroup;
			children = (
				A1B2C3D4E5F60000 /* fit-app.app */,
				20DFE46B2E2BF1CB002184EA /* fit-appUITests.xctest */,
			);
			name = Products;
			sourceTree = "<group>";
		};
		A1B2C3D4E5F60008 /* fit-app */ = {
			isa = PBXGroup;
			children = (
				2060E2C12E181C020007493B /* NetworkMonitor.swift */,
				2060E2C22E181C020007493B /* OfflineManager.swift */,
				20E86F702E16388E00AA2B13 /* fit-app.entitlements */,
				A1B2C3D4E5F60002 /* App.swift */,
				A1B2C3D4E5F60004 /* ContentView.swift */,
				A1B2C3D4E5F6000E /* InicioView.swift */,
				A1B2C3D4E5F60010 /* RegistroView.swift */,
				A1B2C3D4E5F60012 /* Entrenamiento.swift */,
				A1B2C3D4E5F60014 /* EntrenamientoViewModel.swift */,
				A1B2C3D4E5F60016 /* AppConstants.swift */,
				A1B2C3D4E5F60018 /* HistorialView.swift */,
				A1B2C3D4E5F6001A /* PerfilView.swift */,
				9D95DEBE509A4710AD4AE6E4 /* WeeklyGoalView.swift */,
				E3F2A9D8C4B5678901234567 /* WeeklyGoalManager.swift */,
				F7E8A3B5D2C6789012345678 /* AddCustomTrainingView.swift */,
				G8F9B4C6E3D7890123456789 /* TimerView.swift */,
				Z1A2B3C4D5E6F7G8 /* ReusableBackgroundView.swift */,
				20A4EEE52E15EC0100AC8C57 /* WorkoutViewModel.swift */,
				20A4EEE62E15EC0200AC8C57 /* PersistenceController.swift */,
				20A4EEE72E15ED0100AC8C57 /* OverlaySuccessView.swift */,
				20A4EEE82E15EE0100AC8C57 /* AuthViewModel.swift */,
				20A4EEE92E15EE0200AC8C57 /* LoginView.swift */,
				H9G8C5F7B4E3890234567890 /* AppleSignInButtonView.swift */,
				I8H9D6F8C5E4901345678901 /* AppleSignInManager.swift */,
				J9I8E7G8D6F5012456789012 /* UserProfileManager.swift */,
				K0J9F8I9E7G6123567890123 /* SignOutButton.swift */,
				L1K0G9J0F8H7234678901234 /* WelcomeView.swift */,
				M2L1H0K1G8I8345789012345 /* GoodbyeView.swift */,
				N3M2I1L2H9J9456890123456 /* SecureStorage.swift */,
				O4N3J2M3I0K0567901234567 /* SecureAuthService.swift */,
				P5O4K3N4J1L1678912345678 /* DataEncryptionHelper.swift */,
				Q6P5L4O5K2M2789023456789 /* InputValidator.swift */,
				R7Q6M5P6L4N4890134567890 /* Logger.swift */,
				S8R7N6Q7M5P5901245678901 /* LoginRateLimiter.swift */,
				T9S8O7R8N6Q6012356789012 /* PinnedSessionDelegate.swift */,
				U0T9P8S9O7R7123467890123 /* NetworkLayer.swift */,
				A3B4C5D6E7F8G9H0 /* Views */,
				H9WA7H9WJ4X1V706RKB4L3VH /* Models */,
				ZTPRY43HR2ZHL8ZZZMT9DXAZ /* Managers */,
				F9G0H1I2J3K4L5M6 /* Utils */,
				G0H1I2J3K4L5M6N7 /* Resources */,
				V1U0Q9T0P8S8234578901234 /* TLSPinningTests.swift */,
				F4G5H6I7J8K9L0N2 /* LocalizationKeyTests.swift */,
				F5G6H7I8J9K0L1N3 /* SpinnerVisibilityTests.swift */,
				WKS60SN2AHGUNLJONHMC2EPC /* AchievementTests.swift */,
				C9D0E1F2A3B4C5D6 /* WelcomeViewTests.swift */,
				C0D1E2F3A4B5C6D7 /* HistorialBackButtonTests.swift */,
				20A4EEEB2E15EF0100AC8C57 /* AuthTestView.swift */,
				20A4EEEC2E15F00100AC8C57 /* MainAppView.swift */,
				A1B2C3D4E5F60005 /* Info.plist */,
				20A4EEDA2E15D3D000AC8C57 /* WorkoutHeroModel.xcdatamodeld */,
				20D8510C2E16FC1F001B2F98 /* Assets.xcassets */,
			);
			path = "fit-app";
			sourceTree = "<group>";
		};
		A3B4C5D6E7F8G9H0 /* Views */ = {
			isa = PBXGroup;
			children = (
				A4B5C6D7E8F9G0H1 /* Onboarding */,
				F8G9H0I1J2K3L4M5 /* Components */,
			);
			path = Views;
			sourceTree = "<group>";
		};
		A4B5C6D7E8F9G0H1 /* Onboarding */ = {
			isa = PBXGroup;
			children = (
				Y1Z2A3B4C5D6E7F8 /* OnboardingView.swift */,
				Y2Z3A4B5C6D7E8F9 /* OnboardingSlide.swift */,
			);
			path = Onboarding;
			sourceTree = "<group>";
		};
		F8G9H0I1J2K3L4M5 /* Components */ = {
			isa = PBXGroup;
			children = (
				F1G2H3I4J5K6L7M9 /* LoadingSpinnerView.swift */,
				F2G3H4I5J6K7L8N0 /* ErrorAlertView.swift */,
			);
			path = Components;
			sourceTree = "<group>";
		};
		F9G0H1I2J3K4L5M6 /* Utils */ = {
			isa = PBXGroup;
			children = (
				F3G4H5I6J7K8L9N1 /* LocalizationHelper.swift */,
				C8D9E0F1A2B3C4D5 /* NavigationContext.swift */,
			);
			path = Utils;
			sourceTree = "<group>";
		};
		G0H1I2J3K4L5M6N7 /* Resources */ = {
			isa = PBXGroup;
			children = (
				G1H2I3J4K5L6M7N8 /* Localization */,
			);
			path = Resources;
			sourceTree = "<group>";
		};
		G1H2I3J4K5L6M7N8 /* Localization */ = {
			isa = PBXGroup;
			children = (
				F6G7H8I9J0K1L2M4 /* Localizable.strings */,
			);
			path = Localization;
			sourceTree = "<group>";
		};
		H9WA7H9WJ4X1V706RKB4L3VH /* Models */ = {
			isa = PBXGroup;
			children = (
				1AVF8OT0EYSKU8GXBSR5KBGR /* Achievement.swift */,
			);
			path = Models;
			sourceTree = "<group>";
		};
		ZTPRY43HR2ZHL8ZZZMT9DXAZ /* Managers */ = {
			isa = PBXGroup;
			children = (
				DD15LNHJLZ6KQBRED9WEBDA3 /* AchievementManager.swift */,
			);
			path = Managers;
			sourceTree = "<group>";
		};
/* End PBXGroup section */

/* Begin PBXNativeTarget section */
		20DFE46A2E2BF1CB002184EA /* fit-appUITests */ = {
			isa = PBXNativeTarget;
			buildConfigurationList = 20DFE4752E2BF1CC002184EA /* Build configuration list for PBXNativeTarget "fit-appUITests" */;
			buildPhases = (
				20DFE4672E2BF1CB002184EA /* Sources */,
				20DFE4682E2BF1CB002184EA /* Frameworks */,
				20DFE4692E2BF1CB002184EA /* Resources */,
			);
			buildRules = (
			);
			dependencies = (
				20DFE4722E2BF1CC002184EA /* PBXTargetDependency */,
			);
			fileSystemSynchronizedGroups = (
				20DFE46C2E2BF1CC002184EA /* fit-appUITests */,
			);
			name = "fit-appUITests";
			packageProductDependencies = (
			);
			productName = "fit-appUITests";
			productReference = 20DFE46B2E2BF1CB002184EA /* fit-appUITests.xctest */;
			productType = "com.apple.product-type.bundle.ui-testing";
		};
		A1B2C3D4E5F5FFFF /* fit-app */ = {
			isa = PBXNativeTarget;
			buildConfigurationList = A1B2C3D4E5F60007 /* Build configuration list for PBXNativeTarget "fit-app" */;
			buildPhases = (
				A1B2C3D4E5F5FFFC /* Sources */,
				A1B2C3D4E5F5FFFD /* Frameworks */,
				A1B2C3D4E5F5FFFE /* Resources */,
				5F8E9A2B4C3D1E0F8A7B9C1D /* SwiftShield Obfuscation */,
			);
			buildRules = (
			);
			dependencies = (
			);
			name = "fit-app";
			productName = "fit-app";
			productReference = A1B2C3D4E5F60000 /* fit-app.app */;
			productType = "com.apple.product-type.application";
		};
/* End PBXNativeTarget section */

/* Begin PBXProject section */
		A1B2C3D4E5F5FFF8 /* Project object */ = {
			isa = PBXProject;
			attributes = {
				BuildIndependentTargetsInParallel = 1;
				KnownAssetTags = (
					New,
				);
				LastSwiftUpdateCheck = 1620;
				LastUpgradeCheck = 1500;
				TargetAttributes = {
					20DFE46A2E2BF1CB002184EA = {
						CreatedOnToolsVersion = 16.2;
						TestTargetID = A1B2C3D4E5F5FFFF;
					};
					A1B2C3D4E5F5FFFF = {
						CreatedOnToolsVersion = 15.0;
					};
				};
			};
			buildConfigurationList = A1B2C3D4E5F5FFFB /* Build configuration list for PBXProject "fit-app" */;
			compatibilityVersion = "Xcode 14.0";
			developmentRegion = en;
			hasScannedForEncodings = 0;
			knownRegions = (
				en,
				Base,
				es,
			);
			mainGroup = A1B2C3D4E5F5FFF7;
			productRefGroup = A1B2C3D4E5F60006 /* Products */;
			projectDirPath = "";
			projectRoot = "";
			targets = (
				A1B2C3D4E5F5FFFF /* fit-app */,
				20DFE46A2E2BF1CB002184EA /* fit-appUITests */,
			);
		};
/* End PBXProject section */

/* Begin PBXResourcesBuildPhase section */
		20DFE4692E2BF1CB002184EA /* Resources */ = {
			isa = PBXResourcesBuildPhase;
			buildActionMask = 2147483647;
			files = (
			);
			runOnlyForDeploymentPostprocessing = 0;
		};
		A1B2C3D4E5F5FFFE /* Resources */ = {
			isa = PBXResourcesBuildPhase;
			buildActionMask = 2147483647;
			files = (
				20D8510D2E16FC1F001B2F98 /* Assets.xcassets in Resources */,
				P1R2I3V4A5C6Y7H8 /* PrivacyPolicy.html in Resources */,
				T1E2R3M4S5O6F7S8 /* TermsOfService.html in Resources */,
			);
			runOnlyForDeploymentPostprocessing = 0;
		};
/* End PBXResourcesBuildPhase section */

/* Begin PBXShellScriptBuildPhase section */
		5F8E9A2B4C3D1E0F8A7B9C1D /* SwiftShield Obfuscation */ = {
			isa = PBXShellScriptBuildPhase;
			buildActionMask = 2147483647;
			files = (
			);
			inputFileListPaths = (
			);
			inputPaths = (
			);
			name = "SwiftShield Obfuscation";
			outputFileListPaths = (
			);
			outputPaths = (
			);
			runOnlyForDeploymentPostprocessing = 0;
			shellPath = /bin/sh;
			shellScript = "# SwiftShield Obfuscation - Only run in Release configuration\nif [ \"$CONFIGURATION\" = \"Release\" ]; then\n    echo \"🛡️ Running SwiftShield obfuscation for Release build...\"\n    \n    # Check if SwiftShield tool exists\n    if [ ! -f \"$PROJECT_DIR/swift-shield-tool\" ]; then\n        echo \"❌ SwiftShield tool not found at $PROJECT_DIR/swift-shield-tool\"\n        exit 1\n    fi\n    \n    # Change to project directory and run SwiftShield\n    cd \"$PROJECT_DIR\"\n    \n    # Run SwiftShield with proper arguments\n    \"$PROJECT_DIR/swift-shield-tool\" obfuscate \\\n        --project-file \"$PROJECT_DIR/fit-app.xcodeproj\" \\\n        --scheme \"fit-app\" \\\n        --ignore-targets \"\" \\\n        --ignore-names \"SwiftUI,Combine,Foundation,UIKit,CoreData,Security,CommonCrypto,main,App,ContentView,SceneDelegate,AppDelegate\" \\\n        --ignore-public \\\n        --verbose\n    \n    echo \"✅ SwiftShield obfuscation completed\"\nelse\n    echo \"ℹ️ Skipping SwiftShield obfuscation - Debug configuration\"\nfi";
		};
/* End PBXShellScriptBuildPhase section */

/* Begin PBXSourcesBuildPhase section */
		20DFE4672E2BF1CB002184EA /* Sources */ = {
			isa = PBXSourcesBuildPhase;
			buildActionMask = 2147483647;
			files = (
			);
			runOnlyForDeploymentPostprocessing = 0;
		};
		A1B2C3D4E5F5FFFC /* Sources */ = {
			isa = PBXSourcesBuildPhase;
			buildActionMask = 2147483647;
			files = (
				A1B2C3D4E5F60003 /* ContentView.swift in Sources */,
				A1B2C3D4E5F6000D /* InicioView.swift in Sources */,
				A1B2C3D4E5F6000F /* RegistroView.swift in Sources */,
				A1B2C3D4E5F60011 /* Entrenamiento.swift in Sources */,
				A1B2C3D4E5F60013 /* EntrenamientoViewModel.swift in Sources */,
				A1B2C3D4E5F60015 /* AppConstants.swift in Sources */,
				A1B2C3D4E5F60017 /* HistorialView.swift in Sources */,
				20A4EEDC2E15D3D000AC8C57 /* WorkoutHeroModel.xcdatamodeld in Sources */,
				20A4EEE52E15EC0000AC8C57 /* WorkoutViewModel.swift in Sources */,
				20A4EEE62E15EC0000AC8C57 /* PersistenceController.swift in Sources */,
				2060E2C32E181C020007493B /* OfflineManager.swift in Sources */,
				2060E2C42E181C020007493B /* NetworkMonitor.swift in Sources */,
				20A4EEE72E15ED0000AC8C57 /* OverlaySuccessView.swift in Sources */,
				20A4EEE82E15EE0000AC8C57 /* AuthViewModel.swift in Sources */,
				20A4EEE92E15EE0000AC8C57 /* LoginView.swift in Sources */,
				20A4EEEB2E15EF0000AC8C57 /* AuthTestView.swift in Sources */,
				20A4EEEC2E15F00000AC8C57 /* MainAppView.swift in Sources */,
				A1B2C3D4E5F60019 /* PerfilView.swift in Sources */,
				49705EEFE14E41BBB3DE3393 /* WeeklyGoalView.swift in Sources */,
				A9B8C7D5F7A640BBEF123456 /* WeeklyGoalManager.swift in Sources */,
				B4C9F2A8E6D740CCAB789DEF /* AddCustomTrainingView.swift in Sources */,
				C5D8A6F9B3E740DDBC890123 /* TimerView.swift in Sources */,
				R1S2T3U4V5W6X7Y8 /* ReusableBackgroundView.swift in Sources */,
				D6E9C8F7A5B3740EEFABCDEF /* AppleSignInButtonView.swift in Sources */,
				E7F8D9A6B4C3741FFABCDEFG /* AppleSignInManager.swift in Sources */,
				F8G9E8H7C6E4742GGHBCDEFH /* UserProfileManager.swift in Sources */,
				G9H8F9I8D7F5743HHICDEFIJ /* SignOutButton.swift in Sources */,
				H0I9G8J9F8G6744IIJDEFKL /* WelcomeView.swift in Sources */,
				I1J0H9K0G8H7755JJKDEFMN /* GoodbyeView.swift in Sources */,
				J2K1I0L1H8I9866KKDEFOP /* SecureStorage.swift in Sources */,
				K3L2J1M2I9J0977LLDEFQR /* SecureAuthService.swift in Sources */,
				L4M3K2N3J0K1A88MMDEFST /* DataEncryptionHelper.swift in Sources */,
				M5N4L3O4K1M2B99NNDEFUV /* InputValidator.swift in Sources */,
				N6O5M4P5L3N3C99OODEFWX /* Logger.swift in Sources */,
				O7P6N5Q6M4O5D00PPDEFYZ /* LoginRateLimiter.swift in Sources */,
				P8Q7O6R7N5Q6E11QQDEFZA /* PinnedSessionDelegate.swift in Sources */,
				Q9R8P7S8O6R7F22RRDEFAB /* NetworkLayer.swift in Sources */,
				X1Y2Z3A4B5C6D7E8 /* OnboardingView.swift in Sources */,
				X2Y3Z4A5B6C7D8E9 /* OnboardingSlide.swift in Sources */,
				F1G2H3I4J5K6L7M8 /* LoadingSpinnerView.swift in Sources */,
				F2G3H4I5J6K7L8M9 /* ErrorAlertView.swift in Sources */,
				F3G4H5I6J7K8L9M0 /* LocalizationHelper.swift in Sources */,
				6BIZ0HG72SXJFQ84ZJLMA77Z /* Achievement.swift in Sources */,
				326PY91UFRHMKPLA09WJOOTF /* AchievementManager.swift in Sources */,
				B7C8D9E0F1A2B3C4 /* NavigationContext.swift in Sources */,
				A1B2C3D4E5F60001 /* App.swift in Sources */,
				L3G4L5V6W7X8Y9Z0 /* LegalView.swift in Sources */,
			);
			runOnlyForDeploymentPostprocessing = 0;
		};
/* End PBXSourcesBuildPhase section */

/* Begin PBXTargetDependency section */
		20DFE4722E2BF1CC002184EA /* PBXTargetDependency */ = {
			isa = PBXTargetDependency;
			target = A1B2C3D4E5F5FFFF /* fit-app */;
			targetProxy = 20DFE4712E2BF1CC002184EA /* PBXContainerItemProxy */;
		};
/* End PBXTargetDependency section */

/* Begin PBXVariantGroup section */
		F6G7H8I9J0K1L2M4 /* Localizable.strings */ = {
			isa = PBXVariantGroup;
			children = (
				F6G7H8I9J0K1L2M3 /* en */,
				F7G8H9I0J1K2L3M4 /* es */,
			);
			name = Localizable.strings;
			sourceTree = "<group>";
		};
/* End PBXVariantGroup section */

/* Begin XCBuildConfiguration section */
		20DFE4732E2BF1CC002184EA /* Debug */ = {
			isa = XCBuildConfiguration;
			buildSettings = {
				CODE_SIGN_STYLE = Automatic;
				CURRENT_PROJECT_VERSION = 1;
				DEVELOPMENT_TEAM = WP54892UWX;
				GENERATE_INFOPLIST_FILE = YES;
				IPHONEOS_DEPLOYMENT_TARGET = 18.2;
				MARKETING_VERSION = 1.0;
				PRODUCT_BUNDLE_IDENTIFIER = "com.antonio.fit-appUITests";
				PRODUCT_NAME = "$(TARGET_NAME)";
				SWIFT_EMIT_LOC_STRINGS = NO;
				SWIFT_VERSION = 5.0;
				TARGETED_DEVICE_FAMILY = "1,2";
				TEST_TARGET_NAME = "fit-app";
			};
			name = Debug;
		};
		20DFE4742E2BF1CC002184EA /* Release */ = {
			isa = XCBuildConfiguration;
			buildSettings = {
				CODE_SIGN_STYLE = Automatic;
				CURRENT_PROJECT_VERSION = 1;
				DEVELOPMENT_TEAM = WP54892UWX;
				GENERATE_INFOPLIST_FILE = YES;
				IPHONEOS_DEPLOYMENT_TARGET = 18.2;
				MARKETING_VERSION = 1.0;
				PRODUCT_BUNDLE_IDENTIFIER = "com.antonio.fit-appUITests";
				PRODUCT_NAME = "$(TARGET_NAME)";
				SWIFT_EMIT_LOC_STRINGS = NO;
				SWIFT_VERSION = 5.0;
				TARGETED_DEVICE_FAMILY = "1,2";
				TEST_TARGET_NAME = "fit-app";
			};
			name = Release;
		};
		A1B2C3D4E5F60009 /* Debug */ = {
			isa = XCBuildConfiguration;
			buildSettings = {
				ALWAYS_SEARCH_USER_PATHS = NO;
				ASSETCATALOG_COMPILER_GENERATE_SWIFT_ASSET_SYMBOL_EXTENSIONS = YES;
				CLANG_ANALYZER_NONNULL = YES;
				CLANG_ANALYZER_NUMBER_OBJECT_CONVERSION = YES_AGGRESSIVE;
				CLANG_CXX_LANGUAGE_STANDARD = "gnu++20";
				CLANG_ENABLE_MODULES = YES;
				CLANG_ENABLE_OBJC_ARC = YES;
				CLANG_ENABLE_OBJC_WEAK = YES;
				CLANG_WARN_BLOCK_CAPTURE_AUTORELEASING = YES;
				CLANG_WARN_BOOL_CONVERSION = YES;
				CLANG_WARN_COMMA = YES;
				CLANG_WARN_CONSTANT_CONVERSION = YES;
				CLANG_WARN_DEPRECATED_OBJC_IMPLEMENTATIONS = YES;
				CLANG_WARN_DIRECT_OBJC_ISA_USAGE = YES_ERROR;
				CLANG_WARN_DOCUMENTATION_COMMENTS = YES;
				CLANG_WARN_EMPTY_BODY = YES;
				CLANG_WARN_ENUM_CONVERSION = YES;
				CLANG_WARN_INFINITE_RECURSION = YES;
				CLANG_WARN_INT_CONVERSION = YES;
				CLANG_WARN_NON_LITERAL_NULL_CONVERSION = YES;
				CLANG_WARN_OBJC_IMPLICIT_RETAIN_SELF = YES;
				CLANG_WARN_OBJC_LITERAL_CONVERSION = YES;
				CLANG_WARN_OBJC_ROOT_CLASS = YES_ERROR;
				CLANG_WARN_QUOTED_INCLUDE_IN_FRAMEWORK_HEADER = YES;
				CLANG_WARN_RANGE_LOOP_ANALYSIS = YES;
				CLANG_WARN_STRICT_PROTOTYPES = YES;
				CLANG_WARN_SUSPICIOUS_MOVE = YES;
				CLANG_WARN_UNGUARDED_AVAILABILITY = YES_AGGRESSIVE;
				CLANG_WARN_UNREACHABLE_CODE = YES;
				CLANG_WARN__DUPLICATE_METHOD_MATCH = YES;
				COPY_PHASE_STRIP = NO;
				DEBUG_INFORMATION_FORMAT = dwarf;
				ENABLE_STRICT_OBJC_MSGSEND = YES;
				ENABLE_TESTABILITY = YES;
				ENABLE_USER_SCRIPT_SANDBOXING = YES;
				GCC_C_LANGUAGE_STANDARD = gnu17;
				GCC_DYNAMIC_NO_PIC = NO;
				GCC_NO_COMMON_BLOCKS = YES;
				GCC_OPTIMIZATION_LEVEL = 0;
				GCC_PREPROCESSOR_DEFINITIONS = (
					"DEBUG=1",
					"$(inherited)",
				);
				GCC_WARN_64_TO_32_BIT_CONVERSION = YES;
				GCC_WARN_ABOUT_RETURN_TYPE = YES_ERROR;
				GCC_WARN_UNDECLARED_SELECTOR = YES;
				GCC_WARN_UNINITIALIZED_AUTOS = YES_AGGRESSIVE;
				GCC_WARN_UNUSED_FUNCTION = YES;
				GCC_WARN_UNUSED_VARIABLE = YES;
				IPHONEOS_DEPLOYMENT_TARGET = 16.0;
				LOCALIZATION_PREFERS_STRING_CATALOGS = YES;
				MTL_ENABLE_DEBUG_INFO = INCLUDE_SOURCE;
				MTL_FAST_MATH = YES;
				ONLY_ACTIVE_ARCH = YES;
				SDKROOT = iphoneos;
				SWIFTSHIELDED = true;
				SWIFT_ACTIVE_COMPILATION_CONDITIONS = "DEBUG $(inherited)";
				SWIFT_OPTIMIZATION_LEVEL = "-Onone";
			};
			name = Debug;
		};
		A1B2C3D4E5F6000A /* Release */ = {
			isa = XCBuildConfiguration;
			buildSettings = {
				ALWAYS_SEARCH_USER_PATHS = NO;
				ASSETCATALOG_COMPILER_GENERATE_SWIFT_ASSET_SYMBOL_EXTENSIONS = YES;
				CLANG_ANALYZER_NONNULL = YES;
				CLANG_ANALYZER_NUMBER_OBJECT_CONVERSION = YES_AGGRESSIVE;
				CLANG_CXX_LANGUAGE_STANDARD = "gnu++20";
				CLANG_ENABLE_MODULES = YES;
				CLANG_ENABLE_OBJC_ARC = YES;
				CLANG_ENABLE_OBJC_WEAK = YES;
				CLANG_WARN_BLOCK_CAPTURE_AUTORELEASING = YES;
				CLANG_WARN_BOOL_CONVERSION = YES;
				CLANG_WARN_COMMA = YES;
				CLANG_WARN_CONSTANT_CONVERSION = YES;
				CLANG_WARN_DEPRECATED_OBJC_IMPLEMENTATIONS = YES;
				CLANG_WARN_DIRECT_OBJC_ISA_USAGE = YES_ERROR;
				CLANG_WARN_DOCUMENTATION_COMMENTS = YES;
				CLANG_WARN_EMPTY_BODY = YES;
				CLANG_WARN_ENUM_CONVERSION = YES;
				CLANG_WARN_INFINITE_RECURSION = YES;
				CLANG_WARN_INT_CONVERSION = YES;
				CLANG_WARN_NON_LITERAL_NULL_CONVERSION = YES;
				CLANG_WARN_OBJC_IMPLICIT_RETAIN_SELF = YES;
				CLANG_WARN_OBJC_LITERAL_CONVERSION = YES;
				CLANG_WARN_OBJC_ROOT_CLASS = YES_ERROR;
				CLANG_WARN_QUOTED_INCLUDE_IN_FRAMEWORK_HEADER = YES;
				CLANG_WARN_RANGE_LOOP_ANALYSIS = YES;
				CLANG_WARN_STRICT_PROTOTYPES = YES;
				CLANG_WARN_SUSPICIOUS_MOVE = YES;
				CLANG_WARN_UNGUARDED_AVAILABILITY = YES_AGGRESSIVE;
				CLANG_WARN_UNREACHABLE_CODE = YES;
				CLANG_WARN__DUPLICATE_METHOD_MATCH = YES;
				COPY_PHASE_STRIP = NO;
				DEBUG_INFORMATION_FORMAT = "dwarf-with-dsym";
				ENABLE_NS_ASSERTIONS = NO;
				ENABLE_STRICT_OBJC_MSGSEND = YES;
				ENABLE_USER_SCRIPT_SANDBOXING = YES;
				GCC_C_LANGUAGE_STANDARD = gnu17;
				GCC_NO_COMMON_BLOCKS = YES;
				GCC_WARN_64_TO_32_BIT_CONVERSION = YES;
				GCC_WARN_ABOUT_RETURN_TYPE = YES_ERROR;
				GCC_WARN_UNDECLARED_SELECTOR = YES;
				GCC_WARN_UNINITIALIZED_AUTOS = YES_AGGRESSIVE;
				GCC_WARN_UNUSED_FUNCTION = YES;
				GCC_WARN_UNUSED_VARIABLE = YES;
				IPHONEOS_DEPLOYMENT_TARGET = 16.0;
				LOCALIZATION_PREFERS_STRING_CATALOGS = YES;
				MTL_ENABLE_DEBUG_INFO = NO;
				MTL_FAST_MATH = YES;
				SDKROOT = iphoneos;
				SWIFTSHIELDED = true;
				SWIFT_COMPILATION_MODE = wholemodule;
				VALIDATE_PRODUCT = YES;
			};
			name = Release;
		};
		A1B2C3D4E5F6000B /* Debug */ = {
			isa = XCBuildConfiguration;
			buildSettings = {
				ASSETCATALOG_COMPILER_APPICON_NAME = AppIcon;
				ASSETCATALOG_COMPILER_GLOBAL_ACCENT_COLOR_NAME = AccentColor;
				CODE_SIGN_ENTITLEMENTS = "fit-app/fit-app.entitlements";
				CODE_SIGN_STYLE = Automatic;
				CURRENT_PROJECT_VERSION = 3;
				DEVELOPMENT_TEAM = WP54892UWX;
				GENERATE_INFOPLIST_FILE = NO;
				INFOPLIST_FILE = "fit-app/Info.plist";
				INFOPLIST_KEY_UIApplicationSceneManifest_Generation = YES;
				INFOPLIST_KEY_UIApplicationSupportsIndirectInputEvents = YES;
				INFOPLIST_KEY_UILaunchScreen_Generation = YES;
				INFOPLIST_KEY_UISupportedInterfaceOrientations_iPad = "UIInterfaceOrientationPortrait UIInterfaceOrientationPortraitUpsideDown UIInterfaceOrientationLandscapeLeft UIInterfaceOrientationLandscapeRight";
				INFOPLIST_KEY_UISupportedInterfaceOrientations_iPhone = "UIInterfaceOrientationPortrait UIInterfaceOrientationLandscapeLeft UIInterfaceOrientationLandscapeRight";
				IPHONEOS_DEPLOYMENT_TARGET = 16.0;
				LD_RUNPATH_SEARCH_PATHS = (
					"$(inherited)",
					"@executable_path/Frameworks",
				);
				MARKETING_VERSION = 1.0.0;
				OTHER_SWIFT_FLAGS = "-DDEBUG_ONLY";
				PRODUCT_BUNDLE_IDENTIFIER = com.antonio.ritmia;
				PRODUCT_NAME = "$(TARGET_NAME)";
				SWIFTSHIELDED = true;
				SWIFT_EMIT_LOC_STRINGS = YES;
				SWIFT_VERSION = 5.0;
				TARGETED_DEVICE_FAMILY = "1,2";
			};
			name = Debug;
		};
		A1B2C3D4E5F6000C /* Release */ = {
			isa = XCBuildConfiguration;
			buildSettings = {
				ASSETCATALOG_COMPILER_APPICON_NAME = AppIcon;
				ASSETCATALOG_COMPILER_GLOBAL_ACCENT_COLOR_NAME = AccentColor;
				CODE_SIGN_ENTITLEMENTS = "fit-app/fit-app.entitlements";
				CODE_SIGN_STYLE = Automatic;
				CURRENT_PROJECT_VERSION = 3;
				DEVELOPMENT_TEAM = WP54892UWX;
				GENERATE_INFOPLIST_FILE = NO;
				INFOPLIST_FILE = "fit-app/Info.plist";
				INFOPLIST_KEY_UIApplicationSceneManifest_Generation = YES;
				INFOPLIST_KEY_UIApplicationSupportsIndirectInputEvents = YES;
				INFOPLIST_KEY_UILaunchScreen_Generation = YES;
				INFOPLIST_KEY_UISupportedInterfaceOrientations_iPad = "UIInterfaceOrientationPortrait UIInterfaceOrientationPortraitUpsideDown UIInterfaceOrientationLandscapeLeft UIInterfaceOrientationLandscapeRight";
				INFOPLIST_KEY_UISupportedInterfaceOrientations_iPhone = "UIInterfaceOrientationPortrait UIInterfaceOrientationLandscapeLeft UIInterfaceOrientationLandscapeRight";
				IPHONEOS_DEPLOYMENT_TARGET = 16.0;
				LD_RUNPATH_SEARCH_PATHS = (
					"$(inherited)",
					"@executable_path/Frameworks",
				);
				MARKETING_VERSION = 1.0.0;
				PRODUCT_BUNDLE_IDENTIFIER = com.antonio.ritmia;
				PRODUCT_NAME = "$(TARGET_NAME)";
				SWIFTSHIELDED = true;
				SWIFT_EMIT_LOC_STRINGS = YES;
				SWIFT_VERSION = 5.0;
				TARGETED_DEVICE_FAMILY = "1,2";
			};
			name = Release;
		};
/* End XCBuildConfiguration section */

/* Begin XCConfigurationList section */
		20DFE4752E2BF1CC002184EA /* Build configuration list for PBXNativeTarget "fit-appUITests" */ = {
			isa = XCConfigurationList;
			buildConfigurations = (
				20DFE4732E2BF1CC002184EA /* Debug */,
				20DFE4742E2BF1CC002184EA /* Release */,
			);
			defaultConfigurationIsVisible = 0;
			defaultConfigurationName = Release;
		};
		A1B2C3D4E5F5FFFB /* Build configuration list for PBXProject "fit-app" */ = {
			isa = XCConfigurationList;
			buildConfigurations = (
				A1B2C3D4E5F60009 /* Debug */,
				A1B2C3D4E5F6000A /* Release */,
			);
			defaultConfigurationIsVisible = 0;
			defaultConfigurationName = Release;
		};
		A1B2C3D4E5F60007 /* Build configuration list for PBXNativeTarget "fit-app" */ = {
			isa = XCConfigurationList;
			buildConfigurations = (
				A1B2C3D4E5F6000B /* Debug */,
				A1B2C3D4E5F6000C /* Release */,
			);
			defaultConfigurationIsVisible = 0;
			defaultConfigurationName = Release;
		};
/* End XCConfigurationList section */

/* Begin XCVersionGroup section */
		20A4EEDA2E15D3D000AC8C57 /* WorkoutHeroModel.xcdatamodeld */ = {
			isa = XCVersionGroup;
			children = (
				20A4EEDB2E15D3D000AC8C57 /* WorkoutHeroModel.xcdatamodel */,
			);
			currentVersion = 20A4EEDB2E15D3D000AC8C57 /* WorkoutHeroModel.xcdatamodel */;
			path = WorkoutHeroModel.xcdatamodeld;
			sourceTree = "<group>";
			versionGroupType = wrapper.xcdatamodel;
		};
/* End XCVersionGroup section */
	};
	rootObject = A1B2C3D4E5F5FFF8 /* Project object */;
}
