// !$*UTF8*$!
{
	archiveVersion = 1;
	classes = {
	};
	objectVersion = 56;
	objects = {

/* Begin PBXBuildFile section */
		2060E2C32E181C020007493B /* OfflineManager.swift in Sources */ = {isa = PBXBuildFile; fileRef = 2060E2C22E181C020007493B /* OfflineManager.swift */; };
		2060E2C42E181C020007493B /* NetworkMonitor.swift in Sources */ = {isa = PBXBuildFile; fileRef = 2060E2C12E181C020007493B /* NetworkMonitor.swift */; };
		20A4EEDC2E15D3D000AC8C57 /* WorkoutHeroModel.xcdatamodeld in Sources */ = {isa = PBXBuildFile; fileRef = 20A4EEDA2E15D3D000AC8C57 /* WorkoutHeroModel.xcdatamodeld */; };
		20A4EEE52E15EC0000AC8C57 /* WorkoutViewModel.swift in Sources */ = {isa = PBXBuildFile; fileRef = 20A4EEE52E15EC0100AC8C57 /* WorkoutViewModel.swift */; };
		20A4EEE62E15EC0000AC8C57 /* PersistenceController.swift in Sources */ = {isa = PBXBuildFile; fileRef = 20A4EEE62E15EC0200AC8C57 /* PersistenceController.swift */; };
		20A4EEE72E15ED0000AC8C57 /* OverlaySuccessView.swift in Sources */ = {isa = PBXBuildFile; fileRef = 20A4EEE72E15ED0100AC8C57 /* OverlaySuccessView.swift */; };
		20A4EEE82E15EE0000AC8C57 /* AuthViewModel.swift in Sources */ = {isa = PBXBuildFile; fileRef = 20A4EEE82E15EE0100AC8C57 /* AuthViewModel.swift */; };
		20A4EEE92E15EE0000AC8C57 /* LoginView.swift in Sources */ = {isa = PBXBuildFile; fileRef = 20A4EEE92E15EE0200AC8C57 /* LoginView.swift */; };
		20A4EEEA2E15EE0000AC8C57 /* RegisterView.swift in Sources */ = {isa = PBXBuildFile; fileRef = 20A4EEEA2E15EE0300AC8C57 /* RegisterView.swift */; };
		20A4EEEB2E15EF0000AC8C57 /* AuthTestView.swift in Sources */ = {isa = PBXBuildFile; fileRef = 20A4EEEB2E15EF0100AC8C57 /* AuthTestView.swift */; };
		20A4EEEC2E15F00000AC8C57 /* MainAppView.swift in Sources */ = {isa = PBXBuildFile; fileRef = 20A4EEEC2E15F00100AC8C57 /* MainAppView.swift */; };
		20D8510D2E16FC1F001B2F98 /* Assets.xcassets in Resources */ = {isa = PBXBuildFile; fileRef = 20D8510C2E16FC1F001B2F98 /* Assets.xcassets */; };
		A1B2C3D4E5F60001 /* App.swift in Sources */ = {isa = PBXBuildFile; fileRef = A1B2C3D4E5F60002 /* App.swift */; };
		A1B2C3D4E5F60003 /* ContentView.swift in Sources */ = {isa = PBXBuildFile; fileRef = A1B2C3D4E5F60004 /* ContentView.swift */; };
		A1B2C3D4E5F6000D /* InicioView.swift in Sources */ = {isa = PBXBuildFile; fileRef = A1B2C3D4E5F6000E /* InicioView.swift */; };
		A1B2C3D4E5F6000F /* RegistroView.swift in Sources */ = {isa = PBXBuildFile; fileRef = A1B2C3D4E5F60010 /* RegistroView.swift */; };
		A1B2C3D4E5F60011 /* Entrenamiento.swift in Sources */ = {isa = PBXBuildFile; fileRef = A1B2C3D4E5F60012 /* Entrenamiento.swift */; };
		A1B2C3D4E5F60013 /* EntrenamientoViewModel.swift in Sources */ = {isa = PBXBuildFile; fileRef = A1B2C3D4E5F60014 /* EntrenamientoViewModel.swift */; };
		A1B2C3D4E5F60015 /* AppConstants.swift in Sources */ = {isa = PBXBuildFile; fileRef = A1B2C3D4E5F60016 /* AppConstants.swift */; };
		A1B2C3D4E5F60017 /* HistorialView.swift in Sources */ = {isa = PBXBuildFile; fileRef = A1B2C3D4E5F60018 /* HistorialView.swift */; };
		A1B2C3D4E5F60019 /* PerfilView.swift in Sources */ = {isa = PBXBuildFile; fileRef = A1B2C3D4E5F6001A /* PerfilView.swift */; };
		49705EEFE14E41BBB3DE3393 /* WeeklyGoalView.swift in Sources */ = {isa = PBXBuildFile; fileRef = 9D95DEBE509A4710AD4AE6E4 /* WeeklyGoalView.swift */; };
		A9B8C7D5F7A640BBEF123456 /* WeeklyGoalManager.swift in Sources */ = {isa = PBXBuildFile; fileRef = E3F2A9D8C4B5678901234567 /* WeeklyGoalManager.swift */; };
		B4C9F2A8E6D740CCAB789DEF /* AddCustomTrainingView.swift in Sources */ = {isa = PBXBuildFile; fileRef = F7E8A3B5D2C6789012345678 /* AddCustomTrainingView.swift */; };
		C5D8A6F9B3E740DDBC890123 /* TimerView.swift in Sources */ = {isa = PBXBuildFile; fileRef = G8F9B4C6E3D7890123456789 /* TimerView.swift */; };
		D6E9C8F7A5B3740EEFABCDEF /* AppleSignInButtonView.swift in Sources */ = {isa = PBXBuildFile; fileRef = H9G8C5F7B4E3890234567890 /* AppleSignInButtonView.swift */; };
		E7F8D9A6B4C3741FFABCDEFG /* AppleSignInManager.swift in Sources */ = {isa = PBXBuildFile; fileRef = I8H9D6F8C5E4901345678901 /* AppleSignInManager.swift */; };
		F8G9E8H7C6E4742GGHBCDEFH /* UserProfileManager.swift in Sources */ = {isa = PBXBuildFile; fileRef = J9I8E7G8D6F5012456789012 /* UserProfileManager.swift */; };
		G9H8F9I8D7F5743HHICDEFIJ /* SignOutButton.swift in Sources */ = {isa = PBXBuildFile; fileRef = K0J9F8I9E7G6123567890123 /* SignOutButton.swift */; };
		H0I9G8J9F8G6744IIJDEFKL /* WelcomeView.swift in Sources */ = {isa = PBXBuildFile; fileRef = L1K0G9J0F8H7234678901234 /* WelcomeView.swift */; };
		I1J0H9K0G8H7755JJKDEFMN /* GoodbyeView.swift in Sources */ = {isa = PBXBuildFile; fileRef = M2L1H0K1G8I8345789012345 /* GoodbyeView.swift */; };
		J2K1I0L1H8I9866KKDEFOP /* SecureStorage.swift in Sources */ = {isa = PBXBuildFile; fileRef = N3M2I1L2H9J9456890123456 /* SecureStorage.swift */; };
		K3L2J1M2I9J0977LLDEFQR /* SecureAuthService.swift in Sources */ = {isa = PBXBuildFile; fileRef = O4N3J2M3I0K0567901234567 /* SecureAuthService.swift */; };
/* End PBXBuildFile section */

/* Begin PBXFileReference section */
		2060E2C12E181C020007493B /* NetworkMonitor.swift */ = {isa = PBXFileReference; lastKnownFileType = sourcecode.swift; path = NetworkMonitor.swift; sourceTree = "<group>"; };
		2060E2C22E181C020007493B /* OfflineManager.swift */ = {isa = PBXFileReference; lastKnownFileType = sourcecode.swift; path = OfflineManager.swift; sourceTree = "<group>"; };
		20A4EEDB2E15D3D000AC8C57 /* WorkoutHeroModel.xcdatamodel */ = {isa = PBXFileReference; lastKnownFileType = wrapper.xcdatamodel; path = WorkoutHeroModel.xcdatamodel; sourceTree = "<group>"; };
		20A4EEE52E15EC0100AC8C57 /* WorkoutViewModel.swift */ = {isa = PBXFileReference; lastKnownFileType = sourcecode.swift; path = WorkoutViewModel.swift; sourceTree = "<group>"; };
		20A4EEE62E15EC0200AC8C57 /* PersistenceController.swift */ = {isa = PBXFileReference; lastKnownFileType = sourcecode.swift; path = PersistenceController.swift; sourceTree = "<group>"; };
		20A4EEE72E15ED0100AC8C57 /* OverlaySuccessView.swift */ = {isa = PBXFileReference; lastKnownFileType = sourcecode.swift; path = OverlaySuccessView.swift; sourceTree = "<group>"; };
		20A4EEE82E15EE0100AC8C57 /* AuthViewModel.swift */ = {isa = PBXFileReference; lastKnownFileType = sourcecode.swift; path = AuthViewModel.swift; sourceTree = "<group>"; };
		20A4EEE92E15EE0200AC8C57 /* LoginView.swift */ = {isa = PBXFileReference; lastKnownFileType = sourcecode.swift; path = LoginView.swift; sourceTree = "<group>"; };
		20A4EEEA2E15EE0300AC8C57 /* RegisterView.swift */ = {isa = PBXFileReference; lastKnownFileType = sourcecode.swift; path = RegisterView.swift; sourceTree = "<group>"; };
		20A4EEEB2E15EF0100AC8C57 /* AuthTestView.swift */ = {isa = PBXFileReference; lastKnownFileType = sourcecode.swift; path = AuthTestView.swift; sourceTree = "<group>"; };
		20A4EEEC2E15F00100AC8C57 /* MainAppView.swift */ = {isa = PBXFileReference; lastKnownFileType = sourcecode.swift; path = MainAppView.swift; sourceTree = "<group>"; };
		20D8510C2E16FC1F001B2F98 /* Assets.xcassets */ = {isa = PBXFileReference; lastKnownFileType = folder.assetcatalog; path = Assets.xcassets; sourceTree = "<group>"; };
		20E86F702E16388E00AA2B13 /* fit-app.entitlements */ = {isa = PBXFileReference; lastKnownFileType = text.plist.entitlements; path = "fit-app.entitlements"; sourceTree = "<group>"; };
		A1B2C3D4E5F60000 /* fit-app.app */ = {isa = PBXFileReference; explicitFileType = wrapper.application; includeInIndex = 0; path = "fit-app.app"; sourceTree = BUILT_PRODUCTS_DIR; };
		A1B2C3D4E5F60002 /* App.swift */ = {isa = PBXFileReference; lastKnownFileType = sourcecode.swift; path = App.swift; sourceTree = "<group>"; };
		A1B2C3D4E5F60004 /* ContentView.swift */ = {isa = PBXFileReference; lastKnownFileType = sourcecode.swift; path = ContentView.swift; sourceTree = "<group>"; };
		A1B2C3D4E5F60005 /* Info.plist */ = {isa = PBXFileReference; lastKnownFileType = text.plist.xml; path = Info.plist; sourceTree = "<group>"; };
		A1B2C3D4E5F6000E /* InicioView.swift */ = {isa = PBXFileReference; lastKnownFileType = sourcecode.swift; path = InicioView.swift; sourceTree = "<group>"; };
		A1B2C3D4E5F60010 /* RegistroView.swift */ = {isa = PBXFileReference; lastKnownFileType = sourcecode.swift; path = RegistroView.swift; sourceTree = "<group>"; };
		A1B2C3D4E5F60012 /* Entrenamiento.swift */ = {isa = PBXFileReference; lastKnownFileType = sourcecode.swift; path = Entrenamiento.swift; sourceTree = "<group>"; };
		A1B2C3D4E5F60014 /* EntrenamientoViewModel.swift */ = {isa = PBXFileReference; lastKnownFileType = sourcecode.swift; path = EntrenamientoViewModel.swift; sourceTree = "<group>"; };
		A1B2C3D4E5F60016 /* AppConstants.swift */ = {isa = PBXFileReference; lastKnownFileType = sourcecode.swift; path = AppConstants.swift; sourceTree = "<group>"; };
		A1B2C3D4E5F60018 /* HistorialView.swift */ = {isa = PBXFileReference; lastKnownFileType = sourcecode.swift; path = HistorialView.swift; sourceTree = "<group>"; };
		A1B2C3D4E5F6001A /* PerfilView.swift */ = {isa = PBXFileReference; lastKnownFileType = sourcecode.swift; path = PerfilView.swift; sourceTree = "<group>"; };
		9D95DEBE509A4710AD4AE6E4 /* WeeklyGoalView.swift */ = {isa = PBXFileReference; lastKnownFileType = sourcecode.swift; path = WeeklyGoalView.swift; sourceTree = "<group>"; };
		E3F2A9D8C4B5678901234567 /* WeeklyGoalManager.swift */ = {isa = PBXFileReference; lastKnownFileType = sourcecode.swift; path = WeeklyGoalManager.swift; sourceTree = "<group>"; };
		F7E8A3B5D2C6789012345678 /* AddCustomTrainingView.swift */ = {isa = PBXFileReference; lastKnownFileType = sourcecode.swift; path = AddCustomTrainingView.swift; sourceTree = "<group>"; };
		G8F9B4C6E3D7890123456789 /* TimerView.swift */ = {isa = PBXFileReference; lastKnownFileType = sourcecode.swift; path = TimerView.swift; sourceTree = "<group>"; };
		H9G8C5F7B4E3890234567890 /* AppleSignInButtonView.swift */ = {isa = PBXFileReference; lastKnownFileType = sourcecode.swift; path = AppleSignInButtonView.swift; sourceTree = "<group>"; };
		I8H9D6F8C5E4901345678901 /* AppleSignInManager.swift */ = {isa = PBXFileReference; lastKnownFileType = sourcecode.swift; path = AppleSignInManager.swift; sourceTree = "<group>"; };
		J9I8E7G8D6F5012456789012 /* UserProfileManager.swift */ = {isa = PBXFileReference; lastKnownFileType = sourcecode.swift; path = UserProfileManager.swift; sourceTree = "<group>"; };
		K0J9F8I9E7G6123567890123 /* SignOutButton.swift */ = {isa = PBXFileReference; lastKnownFileType = sourcecode.swift; path = SignOutButton.swift; sourceTree = "<group>"; };
		L1K0G9J0F8H7234678901234 /* WelcomeView.swift */ = {isa = PBXFileReference; lastKnownFileType = sourcecode.swift; path = WelcomeView.swift; sourceTree = "<group>"; };
		M2L1H0K1G8I8345789012345 /* GoodbyeView.swift */ = {isa = PBXFileReference; lastKnownFileType = sourcecode.swift; path = GoodbyeView.swift; sourceTree = "<group>"; };
		N3M2I1L2H9J9456890123456 /* SecureStorage.swift */ = {isa = PBXFileReference; lastKnownFileType = sourcecode.swift; path = SecureStorage.swift; sourceTree = "<group>"; };
		O4N3J2M3I0K0567901234567 /* SecureAuthService.swift */ = {isa = PBXFileReference; lastKnownFileType = sourcecode.swift; path = SecureAuthService.swift; sourceTree = "<group>"; };
/* End PBXFileReference section */

/* Begin PBXFrameworksBuildPhase section */
		A1B2C3D4E5F5FFFD /* Frameworks */ = {
			isa = PBXFrameworksBuildPhase;
			buildActionMask = 2147483647;
			files = (
			);
			runOnlyForDeploymentPostprocessing = 0;
		};
/* End PBXFrameworksBuildPhase section */

/* Begin PBXGroup section */
		A1B2C3D4E5F5FFF7 = {
			isa = PBXGroup;
			children = (
				A1B2C3D4E5F60008 /* fit-app */,
				A1B2C3D4E5F60006 /* Products */,
			);
			sourceTree = "<group>";
		};
		A1B2C3D4E5F60006 /* Products */ = {
			isa = PBXGroup;
			children = (
				A1B2C3D4E5F60000 /* fit-app.app */,
			);
			name = Products;
			sourceTree = "<group>";
		};
		A1B2C3D4E5F60008 /* fit-app */ = {
			isa = PBXGroup;
			children = (
				2060E2C12E181C020007493B /* NetworkMonitor.swift */,
				2060E2C22E181C020007493B /* OfflineManager.swift */,
				20E86F702E16388E00AA2B13 /* fit-app.entitlements */,
				A1B2C3D4E5F60002 /* App.swift */,
				A1B2C3D4E5F60004 /* ContentView.swift */,
				A1B2C3D4E5F6000E /* InicioView.swift */,
				A1B2C3D4E5F60010 /* RegistroView.swift */,
				A1B2C3D4E5F60012 /* Entrenamiento.swift */,
				A1B2C3D4E5F60014 /* EntrenamientoViewModel.swift */,
				A1B2C3D4E5F60016 /* AppConstants.swift */,
				A1B2C3D4E5F60018 /* HistorialView.swift */,
				A1B2C3D4E5F6001A /* PerfilView.swift */,
				9D95DEBE509A4710AD4AE6E4 /* WeeklyGoalView.swift */,
				E3F2A9D8C4B5678901234567 /* WeeklyGoalManager.swift */,
				F7E8A3B5D2C6789012345678 /* AddCustomTrainingView.swift */,
				G8F9B4C6E3D7890123456789 /* TimerView.swift */,
				20A4EEE52E15EC0100AC8C57 /* WorkoutViewModel.swift */,
				20A4EEE62E15EC0200AC8C57 /* PersistenceController.swift */,
				20A4EEE72E15ED0100AC8C57 /* OverlaySuccessView.swift */,
				20A4EEE82E15EE0100AC8C57 /* AuthViewModel.swift */,
				20A4EEE92E15EE0200AC8C57 /* LoginView.swift */,
				20A4EEEA2E15EE0300AC8C57 /* RegisterView.swift */,
				H9G8C5F7B4E3890234567890 /* AppleSignInButtonView.swift */,
				I8H9D6F8C5E4901345678901 /* AppleSignInManager.swift */,
				J9I8E7G8D6F5012456789012 /* UserProfileManager.swift */,
				K0J9F8I9E7G6123567890123 /* SignOutButton.swift */,
				L1K0G9J0F8H7234678901234 /* WelcomeView.swift */,
				M2L1H0K1G8I8345789012345 /* GoodbyeView.swift */,
				N3M2I1L2H9J9456890123456 /* SecureStorage.swift */,
				O4N3J2M3I0K0567901234567 /* SecureAuthService.swift */,
				20A4EEEB2E15EF0100AC8C57 /* AuthTestView.swift */,
				20A4EEEC2E15F00100AC8C57 /* MainAppView.swift */,
				A1B2C3D4E5F60005 /* Info.plist */,
				20A4EEDA2E15D3D000AC8C57 /* WorkoutHeroModel.xcdatamodeld */,
				20D8510C2E16FC1F001B2F98 /* Assets.xcassets */,
			);
			path = "fit-app";
			sourceTree = "<group>";
		};
/* End PBXGroup section */

/* Begin PBXNativeTarget section */
		A1B2C3D4E5F5FFFF /* fit-app */ = {
			isa = PBXNativeTarget;
			buildConfigurationList = A1B2C3D4E5F60007 /* Build configuration list for PBXNativeTarget "fit-app" */;
			buildPhases = (
				A1B2C3D4E5F5FFFC /* Sources */,
				A1B2C3D4E5F5FFFD /* Frameworks */,
				A1B2C3D4E5F5FFFE /* Resources */,
			);
			buildRules = (
			);
			dependencies = (
			);
			name = "fit-app";
			productName = "fit-app";
			productReference = A1B2C3D4E5F60000 /* fit-app.app */;
			productType = "com.apple.product-type.application";
		};
/* End PBXNativeTarget section */

/* Begin PBXProject section */
		A1B2C3D4E5F5FFF8 /* Project object */ = {
			isa = PBXProject;
			attributes = {
				BuildIndependentTargetsInParallel = 1;
				KnownAssetTags = (
					New,
				);
				LastSwiftUpdateCheck = 1500;
				LastUpgradeCheck = 1500;
				TargetAttributes = {
					A1B2C3D4E5F5FFFF = {
						CreatedOnToolsVersion = 15.0;
					};
				};
			};
			buildConfigurationList = A1B2C3D4E5F5FFFB /* Build configuration list for PBXProject "fit-app" */;
			compatibilityVersion = "Xcode 14.0";
			developmentRegion = en;
			hasScannedForEncodings = 0;
			knownRegions = (
				en,
				Base,
			);
			mainGroup = A1B2C3D4E5F5FFF7;
			productRefGroup = A1B2C3D4E5F60006 /* Products */;
			projectDirPath = "";
			projectRoot = "";
			targets = (
				A1B2C3D4E5F5FFFF /* fit-app */,
			);
		};
/* End PBXProject section */

/* Begin PBXResourcesBuildPhase section */
		A1B2C3D4E5F5FFFE /* Resources */ = {
			isa = PBXResourcesBuildPhase;
			buildActionMask = 2147483647;
			files = (
				20D8510D2E16FC1F001B2F98 /* Assets.xcassets in Resources */,
			);
			runOnlyForDeploymentPostprocessing = 0;
		};
/* End PBXResourcesBuildPhase section */

/* Begin PBXSourcesBuildPhase section */
		A1B2C3D4E5F5FFFC /* Sources */ = {
			isa = PBXSourcesBuildPhase;
			buildActionMask = 2147483647;
			files = (
				A1B2C3D4E5F60003 /* ContentView.swift in Sources */,
				A1B2C3D4E5F6000D /* InicioView.swift in Sources */,
				A1B2C3D4E5F6000F /* RegistroView.swift in Sources */,
				A1B2C3D4E5F60011 /* Entrenamiento.swift in Sources */,
				A1B2C3D4E5F60013 /* EntrenamientoViewModel.swift in Sources */,
				A1B2C3D4E5F60015 /* AppConstants.swift in Sources */,
				A1B2C3D4E5F60017 /* HistorialView.swift in Sources */,
				20A4EEDC2E15D3D000AC8C57 /* WorkoutHeroModel.xcdatamodeld in Sources */,
				20A4EEE52E15EC0000AC8C57 /* WorkoutViewModel.swift in Sources */,
				20A4EEE62E15EC0000AC8C57 /* PersistenceController.swift in Sources */,
				2060E2C32E181C020007493B /* OfflineManager.swift in Sources */,
				2060E2C42E181C020007493B /* NetworkMonitor.swift in Sources */,
				20A4EEE72E15ED0000AC8C57 /* OverlaySuccessView.swift in Sources */,
				20A4EEE82E15EE0000AC8C57 /* AuthViewModel.swift in Sources */,
				20A4EEE92E15EE0000AC8C57 /* LoginView.swift in Sources */,
				20A4EEEA2E15EE0000AC8C57 /* RegisterView.swift in Sources */,
				20A4EEEB2E15EF0000AC8C57 /* AuthTestView.swift in Sources */,
				20A4EEEC2E15F00000AC8C57 /* MainAppView.swift in Sources */,
				A1B2C3D4E5F60019 /* PerfilView.swift in Sources */,
				49705EEFE14E41BBB3DE3393 /* WeeklyGoalView.swift in Sources */,
				A9B8C7D5F7A640BBEF123456 /* WeeklyGoalManager.swift in Sources */,
				B4C9F2A8E6D740CCAB789DEF /* AddCustomTrainingView.swift in Sources */,
				C5D8A6F9B3E740DDBC890123 /* TimerView.swift in Sources */,
				D6E9C8F7A5B3740EEFABCDEF /* AppleSignInButtonView.swift in Sources */,
				E7F8D9A6B4C3741FFABCDEFG /* AppleSignInManager.swift in Sources */,
				F8G9E8H7C6E4742GGHBCDEFH /* UserProfileManager.swift in Sources */,
				G9H8F9I8D7F5743HHICDEFIJ /* SignOutButton.swift in Sources */,
				H0I9G8J9F8G6744IIJDEFKL /* WelcomeView.swift in Sources */,
				I1J0H9K0G8H7755JJKDEFMN /* GoodbyeView.swift in Sources */,
				J2K1I0L1H8I9866KKDEFOP /* SecureStorage.swift in Sources */,
				K3L2J1M2I9J0977LLDEFQR /* SecureAuthService.swift in Sources */,
				A1B2C3D4E5F60001 /* App.swift in Sources */,
			);
			runOnlyForDeploymentPostprocessing = 0;
		};
/* End PBXSourcesBuildPhase section */

/* Begin XCBuildConfiguration section */
		A1B2C3D4E5F60009 /* Debug */ = {
			isa = XCBuildConfiguration;
			buildSettings = {
				ALWAYS_SEARCH_USER_PATHS = NO;
				ASSETCATALOG_COMPILER_GENERATE_SWIFT_ASSET_SYMBOL_EXTENSIONS = YES;
				CLANG_ANALYZER_NONNULL = YES;
				CLANG_ANALYZER_NUMBER_OBJECT_CONVERSION = YES_AGGRESSIVE;
				CLANG_CXX_LANGUAGE_STANDARD = "gnu++20";
				CLANG_ENABLE_MODULES = YES;
				CLANG_ENABLE_OBJC_ARC = YES;
				CLANG_ENABLE_OBJC_WEAK = YES;
				CLANG_WARN_BLOCK_CAPTURE_AUTORELEASING = YES;
				CLANG_WARN_BOOL_CONVERSION = YES;
				CLANG_WARN_COMMA = YES;
				CLANG_WARN_CONSTANT_CONVERSION = YES;
				CLANG_WARN_DEPRECATED_OBJC_IMPLEMENTATIONS = YES;
				CLANG_WARN_DIRECT_OBJC_ISA_USAGE = YES_ERROR;
				CLANG_WARN_DOCUMENTATION_COMMENTS = YES;
				CLANG_WARN_EMPTY_BODY = YES;
				CLANG_WARN_ENUM_CONVERSION = YES;
				CLANG_WARN_INFINITE_RECURSION = YES;
				CLANG_WARN_INT_CONVERSION = YES;
				CLANG_WARN_NON_LITERAL_NULL_CONVERSION = YES;
				CLANG_WARN_OBJC_IMPLICIT_RETAIN_SELF = YES;
				CLANG_WARN_OBJC_LITERAL_CONVERSION = YES;
				CLANG_WARN_OBJC_ROOT_CLASS = YES_ERROR;
				CLANG_WARN_QUOTED_INCLUDE_IN_FRAMEWORK_HEADER = YES;
				CLANG_WARN_RANGE_LOOP_ANALYSIS = YES;
				CLANG_WARN_STRICT_PROTOTYPES = YES;
				CLANG_WARN_SUSPICIOUS_MOVE = YES;
				CLANG_WARN_UNGUARDED_AVAILABILITY = YES_AGGRESSIVE;
				CLANG_WARN_UNREACHABLE_CODE = YES;
				CLANG_WARN__DUPLICATE_METHOD_MATCH = YES;
				COPY_PHASE_STRIP = NO;
				DEBUG_INFORMATION_FORMAT = dwarf;
				ENABLE_STRICT_OBJC_MSGSEND = YES;
				ENABLE_TESTABILITY = YES;
				ENABLE_USER_SCRIPT_SANDBOXING = YES;
				GCC_C_LANGUAGE_STANDARD = gnu17;
				GCC_DYNAMIC_NO_PIC = NO;
				GCC_NO_COMMON_BLOCKS = YES;
				GCC_OPTIMIZATION_LEVEL = 0;
				GCC_PREPROCESSOR_DEFINITIONS = (
					"DEBUG=1",
					"$(inherited)",
				);
				GCC_WARN_64_TO_32_BIT_CONVERSION = YES;
				GCC_WARN_ABOUT_RETURN_TYPE = YES_ERROR;
				GCC_WARN_UNDECLARED_SELECTOR = YES;
				GCC_WARN_UNINITIALIZED_AUTOS = YES_AGGRESSIVE;
				GCC_WARN_UNUSED_FUNCTION = YES;
				GCC_WARN_UNUSED_VARIABLE = YES;
				IPHONEOS_DEPLOYMENT_TARGET = 16.0;
				LOCALIZATION_PREFERS_STRING_CATALOGS = YES;
				MTL_ENABLE_DEBUG_INFO = INCLUDE_SOURCE;
				MTL_FAST_MATH = YES;
				ONLY_ACTIVE_ARCH = YES;
				SDKROOT = iphoneos;
				SWIFT_ACTIVE_COMPILATION_CONDITIONS = "DEBUG $(inherited)";
				SWIFT_OPTIMIZATION_LEVEL = "-Onone";
			};
			name = Debug;
		};
		A1B2C3D4E5F6000A /* Release */ = {
			isa = XCBuildConfiguration;
			buildSettings = {
				ALWAYS_SEARCH_USER_PATHS = NO;
				ASSETCATALOG_COMPILER_GENERATE_SWIFT_ASSET_SYMBOL_EXTENSIONS = YES;
				CLANG_ANALYZER_NONNULL = YES;
				CLANG_ANALYZER_NUMBER_OBJECT_CONVERSION = YES_AGGRESSIVE;
				CLANG_CXX_LANGUAGE_STANDARD = "gnu++20";
				CLANG_ENABLE_MODULES = YES;
				CLANG_ENABLE_OBJC_ARC = YES;
				CLANG_ENABLE_OBJC_WEAK = YES;
				CLANG_WARN_BLOCK_CAPTURE_AUTORELEASING = YES;
				CLANG_WARN_BOOL_CONVERSION = YES;
				CLANG_WARN_COMMA = YES;
				CLANG_WARN_CONSTANT_CONVERSION = YES;
				CLANG_WARN_DEPRECATED_OBJC_IMPLEMENTATIONS = YES;
				CLANG_WARN_DIRECT_OBJC_ISA_USAGE = YES_ERROR;
				CLANG_WARN_DOCUMENTATION_COMMENTS = YES;
				CLANG_WARN_EMPTY_BODY = YES;
				CLANG_WARN_ENUM_CONVERSION = YES;
				CLANG_WARN_INFINITE_RECURSION = YES;
				CLANG_WARN_INT_CONVERSION = YES;
				CLANG_WARN_NON_LITERAL_NULL_CONVERSION = YES;
				CLANG_WARN_OBJC_IMPLICIT_RETAIN_SELF = YES;
				CLANG_WARN_OBJC_LITERAL_CONVERSION = YES;
				CLANG_WARN_OBJC_ROOT_CLASS = YES_ERROR;
				CLANG_WARN_QUOTED_INCLUDE_IN_FRAMEWORK_HEADER = YES;
				CLANG_WARN_RANGE_LOOP_ANALYSIS = YES;
				CLANG_WARN_STRICT_PROTOTYPES = YES;
				CLANG_WARN_SUSPICIOUS_MOVE = YES;
				CLANG_WARN_UNGUARDED_AVAILABILITY = YES_AGGRESSIVE;
				CLANG_WARN_UNREACHABLE_CODE = YES;
				CLANG_WARN__DUPLICATE_METHOD_MATCH = YES;
				COPY_PHASE_STRIP = NO;
				DEBUG_INFORMATION_FORMAT = "dwarf-with-dsym";
				ENABLE_NS_ASSERTIONS = NO;
				ENABLE_STRICT_OBJC_MSGSEND = YES;
				ENABLE_USER_SCRIPT_SANDBOXING = YES;
				GCC_C_LANGUAGE_STANDARD = gnu17;
				GCC_NO_COMMON_BLOCKS = YES;
				GCC_WARN_64_TO_32_BIT_CONVERSION = YES;
				GCC_WARN_ABOUT_RETURN_TYPE = YES_ERROR;
				GCC_WARN_UNDECLARED_SELECTOR = YES;
				GCC_WARN_UNINITIALIZED_AUTOS = YES_AGGRESSIVE;
				GCC_WARN_UNUSED_FUNCTION = YES;
				GCC_WARN_UNUSED_VARIABLE = YES;
				IPHONEOS_DEPLOYMENT_TARGET = 16.0;
				LOCALIZATION_PREFERS_STRING_CATALOGS = YES;
				MTL_ENABLE_DEBUG_INFO = NO;
				MTL_FAST_MATH = YES;
				SDKROOT = iphoneos;
				SWIFT_COMPILATION_MODE = wholemodule;
				VALIDATE_PRODUCT = YES;
			};
			name = Release;
		};
		A1B2C3D4E5F6000B /* Debug */ = {
			isa = XCBuildConfiguration;
			buildSettings = {
				ASSETCATALOG_COMPILER_APPICON_NAME = AppIcon;
				ASSETCATALOG_COMPILER_GLOBAL_ACCENT_COLOR_NAME = AccentColor;
				CODE_SIGN_ENTITLEMENTS = "fit-app/fit-app.entitlements";
				CODE_SIGN_STYLE = Automatic;
				CURRENT_PROJECT_VERSION = 1;
				DEVELOPMENT_TEAM = WP54892UWX;
				GENERATE_INFOPLIST_FILE = NO;
				INFOPLIST_FILE = "fit-app/Info.plist";
				INFOPLIST_KEY_UIApplicationSceneManifest_Generation = YES;
				INFOPLIST_KEY_UIApplicationSupportsIndirectInputEvents = YES;
				INFOPLIST_KEY_UILaunchScreen_Generation = YES;
				INFOPLIST_KEY_UISupportedInterfaceOrientations_iPad = "UIInterfaceOrientationPortrait UIInterfaceOrientationPortraitUpsideDown UIInterfaceOrientationLandscapeLeft UIInterfaceOrientationLandscapeRight";
				INFOPLIST_KEY_UISupportedInterfaceOrientations_iPhone = "UIInterfaceOrientationPortrait UIInterfaceOrientationLandscapeLeft UIInterfaceOrientationLandscapeRight";
				IPHONEOS_DEPLOYMENT_TARGET = 16.0;
				LD_RUNPATH_SEARCH_PATHS = (
					"$(inherited)",
					"@executable_path/Frameworks",
				);
				MARKETING_VERSION = 1.0;
				PRODUCT_BUNDLE_IDENTIFIER = "com.antonio.fit-app";
				PRODUCT_NAME = "$(TARGET_NAME)";
				SWIFT_EMIT_LOC_STRINGS = YES;
				SWIFT_VERSION = 5.0;
				TARGETED_DEVICE_FAMILY = "1,2";
			};
			name = Debug;
		};
		A1B2C3D4E5F6000C /* Release */ = {
			isa = XCBuildConfiguration;
			buildSettings = {
				ASSETCATALOG_COMPILER_APPICON_NAME = AppIcon;
				ASSETCATALOG_COMPILER_GLOBAL_ACCENT_COLOR_NAME = AccentColor;
				CODE_SIGN_ENTITLEMENTS = "fit-app/fit-app.entitlements";
				CODE_SIGN_STYLE = Automatic;
				CURRENT_PROJECT_VERSION = 1;
				DEVELOPMENT_TEAM = WP54892UWX;
				GENERATE_INFOPLIST_FILE = NO;
				INFOPLIST_FILE = "fit-app/Info.plist";
				INFOPLIST_KEY_UIApplicationSceneManifest_Generation = YES;
				INFOPLIST_KEY_UIApplicationSupportsIndirectInputEvents = YES;
				INFOPLIST_KEY_UILaunchScreen_Generation = YES;
				INFOPLIST_KEY_UISupportedInterfaceOrientations_iPad = "UIInterfaceOrientationPortrait UIInterfaceOrientationPortraitUpsideDown UIInterfaceOrientationLandscapeLeft UIInterfaceOrientationLandscapeRight";
				INFOPLIST_KEY_UISupportedInterfaceOrientations_iPhone = "UIInterfaceOrientationPortrait UIInterfaceOrientationLandscapeLeft UIInterfaceOrientationLandscapeRight";
				IPHONEOS_DEPLOYMENT_TARGET = 16.0;
				LD_RUNPATH_SEARCH_PATHS = (
					"$(inherited)",
					"@executable_path/Frameworks",
				);
				MARKETING_VERSION = 1.0;
				PRODUCT_BUNDLE_IDENTIFIER = "com.antonio.fit-app";
				PRODUCT_NAME = "$(TARGET_NAME)";
				SWIFT_EMIT_LOC_STRINGS = YES;
				SWIFT_VERSION = 5.0;
				TARGETED_DEVICE_FAMILY = "1,2";
			};
			name = Release;
		};
/* End XCBuildConfiguration section */

/* Begin XCConfigurationList section */
		A1B2C3D4E5F5FFFB /* Build configuration list for PBXProject "fit-app" */ = {
			isa = XCConfigurationList;
			buildConfigurations = (
				A1B2C3D4E5F60009 /* Debug */,
				A1B2C3D4E5F6000A /* Release */,
			);
			defaultConfigurationIsVisible = 0;
			defaultConfigurationName = Release;
		};
		A1B2C3D4E5F60007 /* Build configuration list for PBXNativeTarget "fit-app" */ = {
			isa = XCConfigurationList;
			buildConfigurations = (
				A1B2C3D4E5F6000B /* Debug */,
				A1B2C3D4E5F6000C /* Release */,
			);
			defaultConfigurationIsVisible = 0;
			defaultConfigurationName = Release;
		};
/* End XCConfigurationList section */

/* Begin XCVersionGroup section */
		20A4EEDA2E15D3D000AC8C57 /* WorkoutHeroModel.xcdatamodeld */ = {
			isa = XCVersionGroup;
			children = (
				20A4EEDB2E15D3D000AC8C57 /* WorkoutHeroModel.xcdatamodel */,
			);
			currentVersion = 20A4EEDB2E15D3D000AC8C57 /* WorkoutHeroModel.xcdatamodel */;
			path = WorkoutHeroModel.xcdatamodeld;
			sourceTree = "<group>";
			versionGroupType = wrapper.xcdatamodel;
		};
/* End XCVersionGroup section */
	};
	rootObject = A1B2C3D4E5F5FFF8 /* Project object */;
}
